
Microsoft Visual Studio Solution File, Format Version 12.00
# Visual Studio Version 16
VisualStudioVersion = 16.0.31129.286
MinimumVisualStudioVersion = 10.0.40219.1
Project("{FAE04EC0-301F-11D3-BF4B-00C04F79EFBC}") = "WindwosBotTimeCurrency", "WindwosBotTimeCurrency.csproj", "{51C88F9A-750E-4302-9BB3-F421C526D135}"
EndProject
Global
	GlobalSection(SolutionConfigurationPlatforms) = preSolution
		Debug|Any CPU = Debug|Any CPU
		Release|Any CPU = Release|Any CPU
	EndGlobalSection
	GlobalSection(ProjectConfigurationPlatforms) = postSolution
		{51C88F9A-750E-4302-9BB3-F421C526D135}.Debug|Any CPU.ActiveCfg = Debug|Any CPU
		{51C88F9A-750E-4302-9BB3-F421C526D135}.Debug|Any CPU.Build.0 = Debug|Any CPU
		{51C88F9A-750E-4302-9BB3-F421C526D135}.Release|Any CPU.ActiveCfg = Release|Any CPU
		{51C88F9A-750E-4302-9BB3-F421C526D135}.Release|Any CPU.Build.0 = Release|Any CPU
	EndGlobalSection
	GlobalSection(SolutionProperties) = preSolution
		HideSolutionNode = FALSE
	EndGlobalSection
	GlobalSection(ExtensibilityGlobals) = postSolution
		SolutionGuid = {1FB5E2CD-9824-464F-838B-8384967B8F00}
	EndGlobalSection
EndGlobal
